
Microsoft Visual Studio Solution File, Format Version 12.00
# Visual Studio 15
VisualStudioVersion = 15.0.28307.136
MinimumVisualStudioVersion = 10.0.40219.1
Project("{FAE04EC0-301F-11D3-BF4B-00C04F79EFBC}") = "ComparerDNS", "ComparerDNS\ComparerDNS.csproj", "{585FC67B-C05C-4E3D-B432-B54A2B56A733}"
EndProject
Global
	GlobalSection(SolutionConfigurationPlatforms) = preSolution
		Debug|Any CPU = Debug|Any CPU
		Release|Any CPU = Release|Any CPU
	EndGlobalSection
	GlobalSection(ProjectConfigurationPlatforms) = postSolution
		{585FC67B-C05C-4E3D-B432-B54A2B56A733}.Debug|Any CPU.ActiveCfg = Debug|Any CPU
		{585FC67B-C05C-4E3D-B432-B54A2B56A733}.Debug|Any CPU.Build.0 = Debug|Any CPU
		{585FC67B-C05C-4E3D-B432-B54A2B56A733}.Release|Any CPU.ActiveCfg = Release|Any CPU
		{585FC67B-C05C-4E3D-B432-B54A2B56A733}.Release|Any CPU.Build.0 = Release|Any CPU
	EndGlobalSection
	GlobalSection(SolutionProperties) = preSolution
		HideSolutionNode = FALSE
	EndGlobalSection
	GlobalSection(ExtensibilityGlobals) = postSolution
		SolutionGuid = {3A8EF83A-E670-4FEB-86B5-BEC0D5BAD78D}
	EndGlobalSection
EndGlobal
